
Microsoft Visual Studio Solution File, Format Version 12.00
# Visual Studio 15
Project("{FAE04EC0-301F-11D3-BF4B-00C04F79EFBC}") = "Assembly-CSharp", "Assembly-CSharp.csproj", "{6B0A3690-863D-60E8-02CF-B2B0BF038EC1}"
EndProject
Project("{FAE04EC0-301F-11D3-BF4B-00C04F79EFBC}") = "NavMeshComponents", "NavMeshComponents.csproj", "{1C212013-E033-0DF2-4B4B-F012B0EB3BB5}"
EndProject
Project("{FAE04EC0-301F-11D3-BF4B-00C04F79EFBC}") = "NavMeshComponentsEditor", "NavMeshComponentsEditor.csproj", "{6C72B4B7-432D-6BBC-18B8-C6CCE78A401A}"
EndProject
Global
	GlobalSection(SolutionConfigurationPlatforms) = preSolution
		Debug|Any CPU = Debug|Any CPU
		Release|Any CPU = Release|Any CPU
	EndGlobalSection
	GlobalSection(ProjectConfigurationPlatforms) = postSolution
		{6B0A3690-863D-60E8-02CF-B2B0BF038EC1}.Debug|Any CPU.ActiveCfg = Debug|Any CPU
		{6B0A3690-863D-60E8-02CF-B2B0BF038EC1}.Debug|Any CPU.Build.0 = Debug|Any CPU
		{6B0A3690-863D-60E8-02CF-B2B0BF038EC1}.Release|Any CPU.ActiveCfg = Release|Any CPU
		{6B0A3690-863D-60E8-02CF-B2B0BF038EC1}.Release|Any CPU.Build.0 = Release|Any CPU
		{1C212013-E033-0DF2-4B4B-F012B0EB3BB5}.Debug|Any CPU.ActiveCfg = Debug|Any CPU
		{1C212013-E033-0DF2-4B4B-F012B0EB3BB5}.Debug|Any CPU.Build.0 = Debug|Any CPU
		{1C212013-E033-0DF2-4B4B-F012B0EB3BB5}.Release|Any CPU.ActiveCfg = Release|Any CPU
		{1C212013-E033-0DF2-4B4B-F012B0EB3BB5}.Release|Any CPU.Build.0 = Release|Any CPU
		{6C72B4B7-432D-6BBC-18B8-C6CCE78A401A}.Debug|Any CPU.ActiveCfg = Debug|Any CPU
		{6C72B4B7-432D-6BBC-18B8-C6CCE78A401A}.Debug|Any CPU.Build.0 = Debug|Any CPU
		{6C72B4B7-432D-6BBC-18B8-C6CCE78A401A}.Release|Any CPU.ActiveCfg = Release|Any CPU
		{6C72B4B7-432D-6BBC-18B8-C6CCE78A401A}.Release|Any CPU.Build.0 = Release|Any CPU
	EndGlobalSection
	GlobalSection(SolutionProperties) = preSolution
		HideSolutionNode = FALSE
	EndGlobalSection
EndGlobal
