
Microsoft Visual Studio Solution File, Format Version 12.00
# Visual Studio 15
Project("{FAE04EC0-301F-11D3-BF4B-00C04F79EFBC}") = "NavMeshComponents", "NavMeshComponents.csproj", "{A5CF9374-0A1F-EEF6-DCE0-C879DEC0D1BC}"
EndProject
Project("{FAE04EC0-301F-11D3-BF4B-00C04F79EFBC}") = "Assembly-CSharp", "Assembly-CSharp.csproj", "{92CA3AF8-2B8B-BA9C-6B50-677B720E94D5}"
EndProject
Project("{FAE04EC0-301F-11D3-BF4B-00C04F79EFBC}") = "NavMeshComponentsEditor", "NavMeshComponentsEditor.csproj", "{6AA05F12-A082-0781-5D43-C50AD8FD8C8A}"
EndProject
Global
	GlobalSection(SolutionConfigurationPlatforms) = preSolution
		Debug|Any CPU = Debug|Any CPU
		Release|Any CPU = Release|Any CPU
	EndGlobalSection
	GlobalSection(ProjectConfigurationPlatforms) = postSolution
		{A5CF9374-0A1F-EEF6-DCE0-C879DEC0D1BC}.Debug|Any CPU.ActiveCfg = Debug|Any CPU
		{A5CF9374-0A1F-EEF6-DCE0-C879DEC0D1BC}.Debug|Any CPU.Build.0 = Debug|Any CPU
		{A5CF9374-0A1F-EEF6-DCE0-C879DEC0D1BC}.Release|Any CPU.ActiveCfg = Release|Any CPU
		{A5CF9374-0A1F-EEF6-DCE0-C879DEC0D1BC}.Release|Any CPU.Build.0 = Release|Any CPU
		{92CA3AF8-2B8B-BA9C-6B50-677B720E94D5}.Debug|Any CPU.ActiveCfg = Debug|Any CPU
		{92CA3AF8-2B8B-BA9C-6B50-677B720E94D5}.Debug|Any CPU.Build.0 = Debug|Any CPU
		{92CA3AF8-2B8B-BA9C-6B50-677B720E94D5}.Release|Any CPU.ActiveCfg = Release|Any CPU
		{92CA3AF8-2B8B-BA9C-6B50-677B720E94D5}.Release|Any CPU.Build.0 = Release|Any CPU
		{6AA05F12-A082-0781-5D43-C50AD8FD8C8A}.Debug|Any CPU.ActiveCfg = Debug|Any CPU
		{6AA05F12-A082-0781-5D43-C50AD8FD8C8A}.Debug|Any CPU.Build.0 = Debug|Any CPU
		{6AA05F12-A082-0781-5D43-C50AD8FD8C8A}.Release|Any CPU.ActiveCfg = Release|Any CPU
		{6AA05F12-A082-0781-5D43-C50AD8FD8C8A}.Release|Any CPU.Build.0 = Release|Any CPU
	EndGlobalSection
	GlobalSection(SolutionProperties) = preSolution
		HideSolutionNode = FALSE
	EndGlobalSection
EndGlobal
