
Microsoft Visual Studio Solution File, Format Version 12.00
# Visual Studio 15
Project("{FAE04EC0-301F-11D3-BF4B-00C04F79EFBC}") = "NavMeshComponents", "NavMeshComponents.csproj", "{D35C2F75-60F3-B62D-3408-5E6656823FAE}"
EndProject
Project("{FAE04EC0-301F-11D3-BF4B-00C04F79EFBC}") = "Assembly-CSharp", "Assembly-CSharp.csproj", "{23A5D39F-A7CB-90EA-7123-46FCEF9A14BD}"
EndProject
Project("{FAE04EC0-301F-11D3-BF4B-00C04F79EFBC}") = "NavMeshComponentsEditor", "NavMeshComponentsEditor.csproj", "{D142FB0A-A117-C71E-9918-02CB43C1B666}"
EndProject
Global
	GlobalSection(SolutionConfigurationPlatforms) = preSolution
		Debug|Any CPU = Debug|Any CPU
		Release|Any CPU = Release|Any CPU
	EndGlobalSection
	GlobalSection(ProjectConfigurationPlatforms) = postSolution
		{D35C2F75-60F3-B62D-3408-5E6656823FAE}.Debug|Any CPU.ActiveCfg = Debug|Any CPU
		{D35C2F75-60F3-B62D-3408-5E6656823FAE}.Debug|Any CPU.Build.0 = Debug|Any CPU
		{D35C2F75-60F3-B62D-3408-5E6656823FAE}.Release|Any CPU.ActiveCfg = Release|Any CPU
		{D35C2F75-60F3-B62D-3408-5E6656823FAE}.Release|Any CPU.Build.0 = Release|Any CPU
		{23A5D39F-A7CB-90EA-7123-46FCEF9A14BD}.Debug|Any CPU.ActiveCfg = Debug|Any CPU
		{23A5D39F-A7CB-90EA-7123-46FCEF9A14BD}.Debug|Any CPU.Build.0 = Debug|Any CPU
		{23A5D39F-A7CB-90EA-7123-46FCEF9A14BD}.Release|Any CPU.ActiveCfg = Release|Any CPU
		{23A5D39F-A7CB-90EA-7123-46FCEF9A14BD}.Release|Any CPU.Build.0 = Release|Any CPU
		{D142FB0A-A117-C71E-9918-02CB43C1B666}.Debug|Any CPU.ActiveCfg = Debug|Any CPU
		{D142FB0A-A117-C71E-9918-02CB43C1B666}.Debug|Any CPU.Build.0 = Debug|Any CPU
		{D142FB0A-A117-C71E-9918-02CB43C1B666}.Release|Any CPU.ActiveCfg = Release|Any CPU
		{D142FB0A-A117-C71E-9918-02CB43C1B666}.Release|Any CPU.Build.0 = Release|Any CPU
	EndGlobalSection
	GlobalSection(SolutionProperties) = preSolution
		HideSolutionNode = FALSE
	EndGlobalSection
EndGlobal
